
Microsoft Visual Studio Solution File, Format Version 12.00
# Visual Studio Version 17
VisualStudioVersion = 17.0.32112.339
MinimumVisualStudioVersion = 10.0.40219.1
Project("{FAE04EC0-301F-11D3-BF4B-00C04F79EFBC}") = "WpfApp1", "WpfApp1\WpfApp1.csproj", "{1D2F1A1B-56DA-4D95-AC3F-BC02218BF10F}"
EndProject
Global
	GlobalSection(SolutionConfigurationPlatforms) = preSolution
		Debug|Any CPU = Debug|Any CPU
		Release|Any CPU = Release|Any CPU
	EndGlobalSection
	GlobalSection(ProjectConfigurationPlatforms) = postSolution
		{1D2F1A1B-56DA-4D95-AC3F-BC02218BF10F}.Debug|Any CPU.ActiveCfg = Debug|Any CPU
		{1D2F1A1B-56DA-4D95-AC3F-BC02218BF10F}.Debug|Any CPU.Build.0 = Debug|Any CPU
		{1D2F1A1B-56DA-4D95-AC3F-BC02218BF10F}.Release|Any CPU.ActiveCfg = Release|Any CPU
		{1D2F1A1B-56DA-4D95-AC3F-BC02218BF10F}.Release|Any CPU.Build.0 = Release|Any CPU
	EndGlobalSection
	GlobalSection(SolutionProperties) = preSolution
		HideSolutionNode = FALSE
	EndGlobalSection
	GlobalSection(ExtensibilityGlobals) = postSolution
		SolutionGuid = {2B6C220F-DFEF-42F2-974E-08F6C20236B2}
	EndGlobalSection
EndGlobal
